{
  "nodes": {
    "mini-nvim": {
      "flake": false,
      "locked": {
        "lastModified": 1696338404,
        "narHash": "sha256-Hwo7j4Q3h0Wr/FieQPznFYf7xG3fcsCYEx6w0yQ3uoQ=",
        "owner": "echasnovski",
        "repo": "mini.nvim",
        "rev": "25c4bf4efac51aad5393e37949e68ac3e672a73c",
        "type": "github"
      },
      "original": {
        "owner": "echasnovski",
        "repo": "mini.nvim",
        "type": "github"
      }
    },
    "nixpkgs": {
      "locked": {
        "lastModified": 1696798496,
        "narHash": "sha256-d3b0XWE6JCEM2ZtD+vAXgPEAMcXHSUOQXS5f23vwXW4=",
        "owner": "NixOS",
        "repo": "nixpkgs",
        "rev": "924777f866d844182d04399d9eb08c97106b7659",
        "type": "github"
      },
      "original": {
        "owner": "NixOS",
        "repo": "nixpkgs",
        "type": "github"
      }
    },
    "root": {
      "inputs": {
        "mini-nvim": "mini-nvim",
        "nixpkgs": "nixpkgs",
        "vimhelp": "vimhelp"
      }
    },
    "vimhelp": {
      "flake": false,
      "locked": {
        "lastModified": 1691566434,
        "narHash": "sha256-Nx1qS57M4QWrhVXwqfKMfUPzZr4qLqJAe2MPu5UN//w=",
        "owner": "c4rlo",
        "repo": "vimhelp",
        "rev": "ba25e9b38cb75181190af86c03ed1bae9c7d012b",
        "type": "github"
      },
      "original": {
        "owner": "c4rlo",
        "repo": "vimhelp",
        "type": "github"
      }
    }
  },
  "root": "root",
  "version": 7
}
