{
  "nodes": {
    "cluacov-src": {
      "flake": false,
      "locked": {
        "lastModified": 1525526952,
        "narHash": "sha256-+kWkLQgre80drX8QTnu15RozO4H32tboSALUTEcegsg=",
        "owner": "mpeterv",
        "repo": "cluacov",
        "rev": "ca8e019e1f61b7f3f2c2d37f2728a741dc167cc5",
        "type": "github"
      },
      "original": {
        "owner": "mpeterv",
        "repo": "cluacov",
        "type": "github"
      }
    },
    "luacov-reporter-lcov-src": {
      "flake": false,
      "locked": {
        "lastModified": 1572605922,
        "narHash": "sha256-o+9E+pMVpWpd4M0gBnU0g9OA7UZjNbuqFa6WG2j73nE=",
        "owner": "daurnimator",
        "repo": "luacov-reporter-lcov",
        "rev": "4d881ddb4eeec5ac0cd7d4b7679e3e59f9ac5745",
        "type": "github"
      },
      "original": {
        "owner": "daurnimator",
        "repo": "luacov-reporter-lcov",
        "type": "github"
      }
    },
    "luacov-src": {
      "flake": false,
      "locked": {
        "lastModified": 1695190830,
        "narHash": "sha256-uxm1HQd5kV1pOZ0qMWARgLUh+UqHB4J9ztXi9WdGGKU=",
        "owner": "lunarmodules",
        "repo": "luacov",
        "rev": "716c408cf4489dfb516b59021042839b8f4132d6",
        "type": "github"
      },
      "original": {
        "owner": "lunarmodules",
        "repo": "luacov",
        "type": "github"
      }
    },
    "lualscheck-src": {
      "flake": false,
      "locked": {
        "lastModified": 1697068479,
        "narHash": "sha256-o6elc2dNH9+iT2mq3b7cF1QO91n3V2X0hKI7iSROyd4=",
        "owner": "9999years",
        "repo": "lualscheck",
        "rev": "759eeadbd13dcc8dffbd2d0b7071d3ddd314b7c0",
        "type": "github"
      },
      "original": {
        "owner": "9999years",
        "repo": "lualscheck",
        "type": "github"
      }
    },
    "mini-nvim": {
      "flake": false,
      "locked": {
        "lastModified": 1696338404,
        "narHash": "sha256-Hwo7j4Q3h0Wr/FieQPznFYf7xG3fcsCYEx6w0yQ3uoQ=",
        "owner": "echasnovski",
        "repo": "mini.nvim",
        "rev": "25c4bf4efac51aad5393e37949e68ac3e672a73c",
        "type": "github"
      },
      "original": {
        "owner": "echasnovski",
        "repo": "mini.nvim",
        "type": "github"
      }
    },
    "neodev-src": {
      "flake": false,
      "locked": {
        "lastModified": 1697609171,
        "narHash": "sha256-CLEzl03DNIQlLvrf+shTJH0R5mhU9nnTJMMdMpPy6Og=",
        "owner": "folke",
        "repo": "neodev.nvim",
        "rev": "b094a663ccb71733543d8254b988e6bebdbdaca4",
        "type": "github"
      },
      "original": {
        "owner": "folke",
        "repo": "neodev.nvim",
        "type": "github"
      }
    },
    "nixpkgs": {
      "locked": {
        "lastModified": 1696798496,
        "narHash": "sha256-d3b0XWE6JCEM2ZtD+vAXgPEAMcXHSUOQXS5f23vwXW4=",
        "owner": "NixOS",
        "repo": "nixpkgs",
        "rev": "924777f866d844182d04399d9eb08c97106b7659",
        "type": "github"
      },
      "original": {
        "owner": "NixOS",
        "repo": "nixpkgs",
        "type": "github"
      }
    },
    "root": {
      "inputs": {
        "cluacov-src": "cluacov-src",
        "luacov-reporter-lcov-src": "luacov-reporter-lcov-src",
        "luacov-src": "luacov-src",
        "lualscheck-src": "lualscheck-src",
        "mini-nvim": "mini-nvim",
        "neodev-src": "neodev-src",
        "nixpkgs": "nixpkgs",
        "vimhelp-src": "vimhelp-src"
      }
    },
    "vimhelp-src": {
      "flake": false,
      "locked": {
        "lastModified": 1691566434,
        "narHash": "sha256-Nx1qS57M4QWrhVXwqfKMfUPzZr4qLqJAe2MPu5UN//w=",
        "owner": "c4rlo",
        "repo": "vimhelp",
        "rev": "ba25e9b38cb75181190af86c03ed1bae9c7d012b",
        "type": "github"
      },
      "original": {
        "owner": "c4rlo",
        "repo": "vimhelp",
        "type": "github"
      }
    }
  },
  "root": "root",
  "version": 7
}
